
Microsoft Visual Studio Solution File, Format Version 12.00
# Visual Studio Version 16
VisualStudioVersion = 16.0.32510.428
MinimumVisualStudioVersion = 10.0.40219.1
Project("{FAE04EC0-301F-11D3-BF4B-00C04F79EFBC}") = "WebAPI", "WebAPI\WebAPI.csproj", "{066BDD2C-F61A-4B05-9A6D-177427CC2D2F}"
EndProject
Project("{FAE04EC0-301F-11D3-BF4B-00C04F79EFBC}") = "Dominio", "Dominio\Dominio.csproj", "{19BC317C-F4D3-479B-9809-1FF683B7FEC2}"
EndProject
Project("{FAE04EC0-301F-11D3-BF4B-00C04F79EFBC}") = "Persistencia", "Persistencia\Persistencia.csproj", "{77546817-004D-4588-83CD-4DBEED5B9029}"
EndProject
Project("{FAE04EC0-301F-11D3-BF4B-00C04F79EFBC}") = "Aplicacion", "Aplicacion\Aplicacion.csproj", "{66613B8F-7F7B-47F4-80E9-D045D0260283}"
EndProject
Global
	GlobalSection(SolutionConfigurationPlatforms) = preSolution
		Debug|Any CPU = Debug|Any CPU
		Release|Any CPU = Release|Any CPU
	EndGlobalSection
	GlobalSection(ProjectConfigurationPlatforms) = postSolution
		{066BDD2C-F61A-4B05-9A6D-177427CC2D2F}.Debug|Any CPU.ActiveCfg = Debug|Any CPU
		{066BDD2C-F61A-4B05-9A6D-177427CC2D2F}.Debug|Any CPU.Build.0 = Debug|Any CPU
		{066BDD2C-F61A-4B05-9A6D-177427CC2D2F}.Release|Any CPU.ActiveCfg = Release|Any CPU
		{066BDD2C-F61A-4B05-9A6D-177427CC2D2F}.Release|Any CPU.Build.0 = Release|Any CPU
		{19BC317C-F4D3-479B-9809-1FF683B7FEC2}.Debug|Any CPU.ActiveCfg = Debug|Any CPU
		{19BC317C-F4D3-479B-9809-1FF683B7FEC2}.Debug|Any CPU.Build.0 = Debug|Any CPU
		{19BC317C-F4D3-479B-9809-1FF683B7FEC2}.Release|Any CPU.ActiveCfg = Release|Any CPU
		{19BC317C-F4D3-479B-9809-1FF683B7FEC2}.Release|Any CPU.Build.0 = Release|Any CPU
		{77546817-004D-4588-83CD-4DBEED5B9029}.Debug|Any CPU.ActiveCfg = Debug|Any CPU
		{77546817-004D-4588-83CD-4DBEED5B9029}.Debug|Any CPU.Build.0 = Debug|Any CPU
		{77546817-004D-4588-83CD-4DBEED5B9029}.Release|Any CPU.ActiveCfg = Release|Any CPU
		{77546817-004D-4588-83CD-4DBEED5B9029}.Release|Any CPU.Build.0 = Release|Any CPU
		{66613B8F-7F7B-47F4-80E9-D045D0260283}.Debug|Any CPU.ActiveCfg = Debug|Any CPU
		{66613B8F-7F7B-47F4-80E9-D045D0260283}.Debug|Any CPU.Build.0 = Debug|Any CPU
		{66613B8F-7F7B-47F4-80E9-D045D0260283}.Release|Any CPU.ActiveCfg = Release|Any CPU
		{66613B8F-7F7B-47F4-80E9-D045D0260283}.Release|Any CPU.Build.0 = Release|Any CPU
	EndGlobalSection
	GlobalSection(SolutionProperties) = preSolution
		HideSolutionNode = FALSE
	EndGlobalSection
	GlobalSection(ExtensibilityGlobals) = postSolution
		SolutionGuid = {7E36FD67-A178-442B-9FB5-DFEEBB1638D8}
	EndGlobalSection
EndGlobal
